
Microsoft Visual Studio Solution File, Format Version 12.00
# Visual Studio Version 16
VisualStudioVersion = 16.0.29519.181
MinimumVisualStudioVersion = 10.0.40219.1
Project("{FAE04EC0-301F-11D3-BF4B-00C04F79EFBC}") = "OpFit.Api", "Server\OpFit.Api\OpFit.Api.csproj", "{47C0C3B0-1CD1-433D-BDB4-8191CDBC5B22}"
EndProject
Project("{FAE04EC0-301F-11D3-BF4B-00C04F79EFBC}") = "OpFit.Entities", "Server\OpFit.Entities\OpFit.Entities.csproj", "{A4392124-E607-4C18-99B7-DF6BE1AEB4A3}"
EndProject
Project("{FAE04EC0-301F-11D3-BF4B-00C04F79EFBC}") = "Tests", "Server\Tests\Tests.csproj", "{8C7BCE4A-DA72-4D05-96B4-B056B9AE869F}"
EndProject
Global
	GlobalSection(SolutionConfigurationPlatforms) = preSolution
		Debug|Any CPU = Debug|Any CPU
		Release|Any CPU = Release|Any CPU
	EndGlobalSection
	GlobalSection(ProjectConfigurationPlatforms) = postSolution
		{47C0C3B0-1CD1-433D-BDB4-8191CDBC5B22}.Debug|Any CPU.ActiveCfg = Debug|Any CPU
		{47C0C3B0-1CD1-433D-BDB4-8191CDBC5B22}.Debug|Any CPU.Build.0 = Debug|Any CPU
		{47C0C3B0-1CD1-433D-BDB4-8191CDBC5B22}.Release|Any CPU.ActiveCfg = Release|Any CPU
		{47C0C3B0-1CD1-433D-BDB4-8191CDBC5B22}.Release|Any CPU.Build.0 = Release|Any CPU
		{A4392124-E607-4C18-99B7-DF6BE1AEB4A3}.Debug|Any CPU.ActiveCfg = Debug|Any CPU
		{A4392124-E607-4C18-99B7-DF6BE1AEB4A3}.Debug|Any CPU.Build.0 = Debug|Any CPU
		{A4392124-E607-4C18-99B7-DF6BE1AEB4A3}.Release|Any CPU.ActiveCfg = Release|Any CPU
		{A4392124-E607-4C18-99B7-DF6BE1AEB4A3}.Release|Any CPU.Build.0 = Release|Any CPU
		{8C7BCE4A-DA72-4D05-96B4-B056B9AE869F}.Debug|Any CPU.ActiveCfg = Debug|Any CPU
		{8C7BCE4A-DA72-4D05-96B4-B056B9AE869F}.Debug|Any CPU.Build.0 = Debug|Any CPU
		{8C7BCE4A-DA72-4D05-96B4-B056B9AE869F}.Release|Any CPU.ActiveCfg = Release|Any CPU
		{8C7BCE4A-DA72-4D05-96B4-B056B9AE869F}.Release|Any CPU.Build.0 = Release|Any CPU
	EndGlobalSection
	GlobalSection(SolutionProperties) = preSolution
		HideSolutionNode = FALSE
	EndGlobalSection
	GlobalSection(ExtensibilityGlobals) = postSolution
		SolutionGuid = {B4CA418B-E090-4B75-9121-BDDE0095D084}
	EndGlobalSection
EndGlobal
